
Microsoft Visual Studio Solution File, Format Version 12.00
Project("{FAE04EC0-301F-11D3-BF4B-00C04F79EFBC}") = "BlazorServerJsInterOp", "BlazorServerJsInterOp\BlazorServerJsInterOp.csproj", "{A18D8C47-26AC-4AB7-A12B-34436E2235FB}"
EndProject
Global
	GlobalSection(SolutionConfigurationPlatforms) = preSolution
		Debug|Any CPU = Debug|Any CPU
		Release|Any CPU = Release|Any CPU
	EndGlobalSection
	GlobalSection(ProjectConfigurationPlatforms) = postSolution
		{A18D8C47-26AC-4AB7-A12B-34436E2235FB}.Debug|Any CPU.ActiveCfg = Debug|Any CPU
		{A18D8C47-26AC-4AB7-A12B-34436E2235FB}.Debug|Any CPU.Build.0 = Debug|Any CPU
		{A18D8C47-26AC-4AB7-A12B-34436E2235FB}.Release|Any CPU.ActiveCfg = Release|Any CPU
		{A18D8C47-26AC-4AB7-A12B-34436E2235FB}.Release|Any CPU.Build.0 = Release|Any CPU
	EndGlobalSection
EndGlobal
